Last acquired by C:\Users\ahmed\.shorebird\bin\cache\flutter\65b1e4368e98a85ea11e8ef2cffc286c3b2ad8b2\bin\cache\dart-sdk\bin\dart.exe (pid 37632) running file:///C:/Users/ahmed/.shorebird/bin/cache/flutter/65b1e4368e98a85ea11e8ef2cffc286c3b2ad8b2/bin/cache/flutter_tools.snapshot on 2026-06-14 17:12:20.639919.